
Microsoft Visual Studio Solution File, Format Version 12.00
# Visual Studio Version 17
VisualStudioVersion = 17.13.35825.156 d17.13
MinimumVisualStudioVersion = 10.0.40219.1
Project("{FAE04EC0-301F-11D3-BF4B-00C04F79EFBC}") = "Encapsulation", "Encapsulation\Encapsulation.csproj", "{B70B06D6-75AF-4BDF-A18E-7812A14F0D22}"
EndProject
Global
	GlobalSection(SolutionConfigurationPlatforms) = preSolution
		Debug|Any CPU = Debug|Any CPU
		Release|Any CPU = Release|Any CPU
	EndGlobalSection
	GlobalSection(ProjectConfigurationPlatforms) = postSolution
		{B70B06D6-75AF-4BDF-A18E-7812A14F0D22}.Debug|Any CPU.ActiveCfg = Debug|Any CPU
		{B70B06D6-75AF-4BDF-A18E-7812A14F0D22}.Debug|Any CPU.Build.0 = Debug|Any CPU
		{B70B06D6-75AF-4BDF-A18E-7812A14F0D22}.Release|Any CPU.ActiveCfg = Release|Any CPU
		{B70B06D6-75AF-4BDF-A18E-7812A14F0D22}.Release|Any CPU.Build.0 = Release|Any CPU
	EndGlobalSection
	GlobalSection(SolutionProperties) = preSolution
		HideSolutionNode = FALSE
	EndGlobalSection
	GlobalSection(ExtensibilityGlobals) = postSolution
		SolutionGuid = {8F3D4290-C7E2-48EF-AD9F-CCB901C1B3CE}
	EndGlobalSection
EndGlobal
